
Microsoft Visual Studio Solution File, Format Version 12.00
# Visual Studio Version 17
VisualStudioVersion = 17.4.33103.184
MinimumVisualStudioVersion = 10.0.40219.1
Project("{FAE04EC0-301F-11D3-BF4B-00C04F79EFBC}") = "EvolAlgoLevelGenerator", "EvolAlgoLevelGenerator.csproj", "{DEEFA257-47A8-440A-B302-AAA87E33E071}"
EndProject
Global
	GlobalSection(SolutionConfigurationPlatforms) = preSolution
		Debug|Any CPU = Debug|Any CPU
		Release|Any CPU = Release|Any CPU
	EndGlobalSection
	GlobalSection(ProjectConfigurationPlatforms) = postSolution
		{DEEFA257-47A8-440A-B302-AAA87E33E071}.Debug|Any CPU.ActiveCfg = Debug|Any CPU
		{DEEFA257-47A8-440A-B302-AAA87E33E071}.Debug|Any CPU.Build.0 = Debug|Any CPU
		{DEEFA257-47A8-440A-B302-AAA87E33E071}.Release|Any CPU.ActiveCfg = Release|Any CPU
		{DEEFA257-47A8-440A-B302-AAA87E33E071}.Release|Any CPU.Build.0 = Release|Any CPU
	EndGlobalSection
	GlobalSection(SolutionProperties) = preSolution
		HideSolutionNode = FALSE
	EndGlobalSection
	GlobalSection(ExtensibilityGlobals) = postSolution
		SolutionGuid = {56456861-BBA2-41BC-90E7-53B1B579818F}
	EndGlobalSection
EndGlobal
