
Microsoft Visual Studio Solution File, Format Version 12.00
# Visual Studio Version 17
VisualStudioVersion = 17.10.35004.147
MinimumVisualStudioVersion = 10.0.40219.1
Project("{FAE04EC0-301F-11D3-BF4B-00C04F79EFBC}") = "Assembly-CSharp", "Assembly-CSharp.csproj", "{2503EA49-FACE-8BFA-F162-1B54DBED31E6}"
EndProject
Project("{FAE04EC0-301F-11D3-BF4B-00C04F79EFBC}") = "NavMeshPlusEditor", "NavMeshPlusEditor.csproj", "{D3148F9F-2804-831F-1902-69FEDAFD012B}"
EndProject
Project("{FAE04EC0-301F-11D3-BF4B-00C04F79EFBC}") = "NavMeshPlus", "NavMeshPlus.csproj", "{B44EC02F-32F7-2291-FF28-C2633E68898C}"
EndProject
Project("{FAE04EC0-301F-11D3-BF4B-00C04F79EFBC}") = "Assembly-CSharp-firstpass", "Assembly-CSharp-firstpass.csproj", "{18EC6E81-DA11-DB10-366D-3727C5C3E755}"
EndProject
Project("{FAE04EC0-301F-11D3-BF4B-00C04F79EFBC}") = "Assembly-CSharp-Editor", "Assembly-CSharp-Editor.csproj", "{207113B4-74CE-CC91-D077-AED681596D24}"
EndProject
Project("{9A19103F-16F7-4668-BE54-9A1E7A4F7556}") = "GameCreatingCore", "..\GameCreatingCore\GameCreatingCore.csproj", "{99A6369A-2A4E-4F1B-B02E-DDBC3F8E63A6}"
EndProject
Global
	GlobalSection(SolutionConfigurationPlatforms) = preSolution
		Debug|Any CPU = Debug|Any CPU
		Release|Any CPU = Release|Any CPU
	EndGlobalSection
	GlobalSection(ProjectConfigurationPlatforms) = postSolution
		{2503EA49-FACE-8BFA-F162-1B54DBED31E6}.Debug|Any CPU.ActiveCfg = Debug|Any CPU
		{2503EA49-FACE-8BFA-F162-1B54DBED31E6}.Debug|Any CPU.Build.0 = Debug|Any CPU
		{2503EA49-FACE-8BFA-F162-1B54DBED31E6}.Release|Any CPU.ActiveCfg = Release|Any CPU
		{2503EA49-FACE-8BFA-F162-1B54DBED31E6}.Release|Any CPU.Build.0 = Release|Any CPU
		{D3148F9F-2804-831F-1902-69FEDAFD012B}.Debug|Any CPU.ActiveCfg = Debug|Any CPU
		{D3148F9F-2804-831F-1902-69FEDAFD012B}.Debug|Any CPU.Build.0 = Debug|Any CPU
		{D3148F9F-2804-831F-1902-69FEDAFD012B}.Release|Any CPU.ActiveCfg = Release|Any CPU
		{D3148F9F-2804-831F-1902-69FEDAFD012B}.Release|Any CPU.Build.0 = Release|Any CPU
		{B44EC02F-32F7-2291-FF28-C2633E68898C}.Debug|Any CPU.ActiveCfg = Debug|Any CPU
		{B44EC02F-32F7-2291-FF28-C2633E68898C}.Debug|Any CPU.Build.0 = Debug|Any CPU
		{B44EC02F-32F7-2291-FF28-C2633E68898C}.Release|Any CPU.ActiveCfg = Release|Any CPU
		{B44EC02F-32F7-2291-FF28-C2633E68898C}.Release|Any CPU.Build.0 = Release|Any CPU
		{18EC6E81-DA11-DB10-366D-3727C5C3E755}.Debug|Any CPU.ActiveCfg = Debug|Any CPU
		{18EC6E81-DA11-DB10-366D-3727C5C3E755}.Debug|Any CPU.Build.0 = Debug|Any CPU
		{18EC6E81-DA11-DB10-366D-3727C5C3E755}.Release|Any CPU.ActiveCfg = Release|Any CPU
		{18EC6E81-DA11-DB10-366D-3727C5C3E755}.Release|Any CPU.Build.0 = Release|Any CPU
		{207113B4-74CE-CC91-D077-AED681596D24}.Debug|Any CPU.ActiveCfg = Debug|Any CPU
		{207113B4-74CE-CC91-D077-AED681596D24}.Debug|Any CPU.Build.0 = Debug|Any CPU
		{207113B4-74CE-CC91-D077-AED681596D24}.Release|Any CPU.ActiveCfg = Release|Any CPU
		{207113B4-74CE-CC91-D077-AED681596D24}.Release|Any CPU.Build.0 = Release|Any CPU
		{99A6369A-2A4E-4F1B-B02E-DDBC3F8E63A6}.Debug|Any CPU.ActiveCfg = Debug|Any CPU
		{99A6369A-2A4E-4F1B-B02E-DDBC3F8E63A6}.Debug|Any CPU.Build.0 = Debug|Any CPU
		{99A6369A-2A4E-4F1B-B02E-DDBC3F8E63A6}.Release|Any CPU.ActiveCfg = Release|Any CPU
		{99A6369A-2A4E-4F1B-B02E-DDBC3F8E63A6}.Release|Any CPU.Build.0 = Release|Any CPU
	EndGlobalSection
	GlobalSection(SolutionProperties) = preSolution
		HideSolutionNode = FALSE
	EndGlobalSection
	GlobalSection(ExtensibilityGlobals) = postSolution
		SolutionGuid = {2EB71681-017B-4510-8498-D3BAD3016987}
	EndGlobalSection
EndGlobal
